# THIS IS AN AUTOGENERATED FILE. DO NOT EDIT THIS FILE DIRECTLY.
# yarn lockfile v1


ccxt@^4.4.46:
  version "4.4.50"
  resolved "https://registry.yarnpkg.com/ccxt/-/ccxt-4.4.50.tgz#4d77a3494125bff59989e16743a78b3e5557f72e"
  integrity sha512-ABCsD6PbYYFWbWUkcBNraVy3Nxar8AebUqvsYY/YAXyAAq1JfqyTqj4dO76DFk4CO910mFDFbvHf/kNFufwxiA==
  dependencies:
    ws "^8.8.1"

delay@^6.0.0:
  version "6.0.0"
  resolved "https://registry.yarnpkg.com/delay/-/delay-6.0.0.tgz#43749aefdf6cabd9e17b0d00bd3904525137e607"
  integrity sha512-2NJozoOHQ4NuZuVIr5CWd0iiLVIRSDepakaovIN+9eIDHEhdCAEvSy2cuf1DCrPPQLvHmbqTHODlhHg8UCy4zw==

moment@^2.30.1:
  version "2.30.1"
  resolved "https://registry.yarnpkg.com/moment/-/moment-2.30.1.tgz#f8c91c07b7a786e30c59926df530b4eac96974ae"
  integrity sha512-uEmtNhbDOrWPFS+hdjFCBfy9f2YoyzRpwcl+DqpC6taX21FzsTLQVbMV/W7PzNSX6x/bhC1zA3c2UQ5NzH6how==

ws@^8.8.1:
  version "8.18.0"
  resolved "https://registry.yarnpkg.com/ws/-/ws-8.18.0.tgz#0d7505a6eafe2b0e712d232b42279f53bc289bbc"
  integrity sha512-8VbfWfHLbbwu3+N6OKsOMpBdT4kXPDDB9cJk2bJ6mh9ucxdlnNvH1e+roYkKmN9Nxw2yjz7VzeO9oOz2zJ04Pw==
